
Microsoft Visual Studio Solution File, Format Version 12.00
# Visual Studio Version 17
VisualStudioVersion = 17.7.34024.191
MinimumVisualStudioVersion = 10.0.40219.1
Project("{FAE04EC0-301F-11D3-BF4B-00C04F79EFBC}") = "EAP.MAUI", "EAP.MAUI\EAP.MAUI.csproj", "{7A63689A-B7F6-4F8D-A0C8-92B1B5530257}"
EndProject
Global
	GlobalSection(SolutionConfigurationPlatforms) = preSolution
		Debug|Any CPU = Debug|Any CPU
		Release|Any CPU = Release|Any CPU
	EndGlobalSection
	GlobalSection(ProjectConfigurationPlatforms) = postSolution
		{7A63689A-B7F6-4F8D-A0C8-92B1B5530257}.Debug|Any CPU.ActiveCfg = Debug|Any CPU
		{7A63689A-B7F6-4F8D-A0C8-92B1B5530257}.Debug|Any CPU.Build.0 = Debug|Any CPU
		{7A63689A-B7F6-4F8D-A0C8-92B1B5530257}.Debug|Any CPU.Deploy.0 = Debug|Any CPU
		{7A63689A-B7F6-4F8D-A0C8-92B1B5530257}.Release|Any CPU.ActiveCfg = Release|Any CPU
		{7A63689A-B7F6-4F8D-A0C8-92B1B5530257}.Release|Any CPU.Build.0 = Release|Any CPU
		{7A63689A-B7F6-4F8D-A0C8-92B1B5530257}.Release|Any CPU.Deploy.0 = Release|Any CPU
	EndGlobalSection
	GlobalSection(SolutionProperties) = preSolution
		HideSolutionNode = FALSE
	EndGlobalSection
	GlobalSection(ExtensibilityGlobals) = postSolution
		SolutionGuid = {4A858656-E77E-4ECF-B543-34548C615E7F}
	EndGlobalSection
EndGlobal
